
Microsoft Visual Studio Solution File, Format Version 12.00
# Visual Studio Version 17
VisualStudioVersion = 17.13.35825.156
MinimumVisualStudioVersion = 10.0.40219.1
Project("{FAE04EC0-301F-11D3-BF4B-00C04F79EFBC}") = "Tor.NapiArfolyam.Client", "Tor.NapiArfolyam.Client\Tor.NapiArfolyam.Client.csproj", "{1B25EB45-6D2E-4904-8F5A-7757B1C2AD81}"
EndProject
Project("{FAE04EC0-301F-11D3-BF4B-00C04F79EFBC}") = "Tor.NapiArfolyam.Client.Tests", "Tor.NapiArfolyam.Client.Tests\Tor.NapiArfolyam.Client.Tests.csproj", "{0A682295-76A3-4E5B-8370-03578718A8FE}"
EndProject
Global
	GlobalSection(SolutionConfigurationPlatforms) = preSolution
		Debug|Any CPU = Debug|Any CPU
		Release|Any CPU = Release|Any CPU
	EndGlobalSection
	GlobalSection(ProjectConfigurationPlatforms) = postSolution
		{1B25EB45-6D2E-4904-8F5A-7757B1C2AD81}.Debug|Any CPU.ActiveCfg = Debug|Any CPU
		{1B25EB45-6D2E-4904-8F5A-7757B1C2AD81}.Debug|Any CPU.Build.0 = Debug|Any CPU
		{1B25EB45-6D2E-4904-8F5A-7757B1C2AD81}.Release|Any CPU.ActiveCfg = Release|Any CPU
		{1B25EB45-6D2E-4904-8F5A-7757B1C2AD81}.Release|Any CPU.Build.0 = Release|Any CPU
		{0A682295-76A3-4E5B-8370-03578718A8FE}.Debug|Any CPU.ActiveCfg = Debug|Any CPU
		{0A682295-76A3-4E5B-8370-03578718A8FE}.Debug|Any CPU.Build.0 = Debug|Any CPU
		{0A682295-76A3-4E5B-8370-03578718A8FE}.Release|Any CPU.ActiveCfg = Release|Any CPU
		{0A682295-76A3-4E5B-8370-03578718A8FE}.Release|Any CPU.Build.0 = Release|Any CPU
	EndGlobalSection
	GlobalSection(SolutionProperties) = preSolution
		HideSolutionNode = FALSE
	EndGlobalSection
	GlobalSection(ExtensibilityGlobals) = postSolution
		SolutionGuid = {573E5FE8-5AB4-4760-9622-BEB83CD56B97}
	EndGlobalSection
EndGlobal
